# This file was autogenerated by Stack.
# You should not edit this file by hand.
# For more information, please see the documentation at:
#   https://docs.haskellstack.org/en/stable/lock_files

packages:
- completed:
    hackage: toml-parser-0.1.0.0@sha256:24f0354a7dbd6047b50d116a2375d33eec7a7648aa89d4434d671c2678379ac2,1585
    pantry-tree:
      size: 866
      sha256: 2df00786ab5c6e74c1f0fee8b323b38f2821ac3e87442541f06e5d501dcc19e7
  original:
    hackage: toml-parser-0.1.0.0@sha256:24f0354a7dbd6047b50d116a2375d33eec7a7648aa89d4434d671c2678379ac2,1585
snapshots:
- completed:
    size: 563103
    url: https://raw.githubusercontent.com/commercialhaskell/stackage-snapshots/master/lts/17/4.yaml
    sha256: f11e2153044f5f71ea7b1c9398f4721f517c9bd37642ed769647b896564021f3
  original: lts-17.4
