# This file was autogenerated by Stack.
# You should not edit this file by hand.
# For more information, please see the documentation at:
#   https://docs.haskellstack.org/en/stable/lock_files

packages:
- completed:
    hackage: HUnit-1.6.0.0@sha256:8014b27c884becd8041214a1ab263fa92244ca62700a911aff604a1047869298,1570
    pantry-tree:
      size: 878
      sha256: 270a6f8d6ef23eba3a9a1697aa244576abb168d10cb8e4736cf4add2b09eb650
  original:
    hackage: HUnit-1.6.0.0@sha256:8014b27c884becd8041214a1ab263fa92244ca62700a911aff604a1047869298,1570
- completed:
    hackage: QuickCheck-2.14.1@sha256:01e46d7b0a8d3148288ec977625f62d5516ebb5031a50c63f0453863301b4a79,7736
    pantry-tree:
      size: 2315
      sha256: 21961d0875fc156cdd97110a6fb277f37aa31faa3c7910895f84c82630e7ba46
  original:
    hackage: QuickCheck-2.14.1@sha256:01e46d7b0a8d3148288ec977625f62d5516ebb5031a50c63f0453863301b4a79,7736
- completed:
    hackage: aeson-1.5.2.0@sha256:d00c7aa51969b2849550e4dee14c9ce188504d55ed8d7f734ce9f6976db452f6,6786
    pantry-tree:
      size: 39758
      sha256: 992b01282d72e4db664289db69a846a4ec675379ca96824ba902a7541104d409
  original:
    hackage: aeson-1.5.2.0@sha256:d00c7aa51969b2849550e4dee14c9ce188504d55ed8d7f734ce9f6976db452f6,6786
- completed:
    hackage: alex-3.2.5@sha256:af0c4aac67849d8b35e8c16063517642a5c6b809d09fdb040ed9369f91cb26fb,4054
    pantry-tree:
      size: 5732
      sha256: fdfac077ffd006b5bb8102edb3187f2d2587d9cde1d94cd9852b5ee077d05add
  original:
    hackage: alex-3.2.5@sha256:af0c4aac67849d8b35e8c16063517642a5c6b809d09fdb040ed9369f91cb26fb,4054
- completed:
    hackage: ansi-terminal-0.10.3@sha256:e2fbcef5f980dc234c7ad8e2fa433b0e8109132c9e643bc40ea5608cd5697797,3226
    pantry-tree:
      size: 1461
      sha256: 02f05d52be3ffcf36c78876629cbab80b63420672685371aea4fd10e1c4aabb6
  original:
    hackage: ansi-terminal-0.10.3@sha256:e2fbcef5f980dc234c7ad8e2fa433b0e8109132c9e643bc40ea5608cd5697797,3226
- completed:
    hackage: ansi-wl-pprint-0.6.9@sha256:f6fd6dbd4adcad0432bf75e5f5b19bb1deda00a1d8056faf18090026e577652d,2388
    pantry-tree:
      size: 472
      sha256: a49f803a88dc2700cdce18f475525578e51964ae8bc9233d28331c66617711a8
  original:
    hackage: ansi-wl-pprint-0.6.9@sha256:f6fd6dbd4adcad0432bf75e5f5b19bb1deda00a1d8056faf18090026e577652d,2388
- completed:
    hackage: assoc-1.0.1@sha256:305770dfe76319749f704a1f23240f806d22905dae1aa54e6d57dc747662dae0,1205
    pantry-tree:
      size: 289
      sha256: 232774663931b69e94415d63e808f99251246a6bdd3f9ef3449a6bc2293e75c1
  original:
    hackage: assoc-1.0.1@sha256:305770dfe76319749f704a1f23240f806d22905dae1aa54e6d57dc747662dae0,1205
- completed:
    hackage: attoparsec-0.13.2.4@sha256:e10c2a5070a344a0973e6f9486d148c690b6955468cfd61ee09a41b5adc48873,5735
    pantry-tree:
      size: 5231
      sha256: 1098f9aaf18a8ad0ee10019d929920c96be87cded84cbb90d78ab0e7a4264ea4
  original:
    hackage: attoparsec-0.13.2.4@sha256:e10c2a5070a344a0973e6f9486d148c690b6955468cfd61ee09a41b5adc48873,5735
- completed:
    hackage: base-compat-0.11.1@sha256:e49c1ce84f556621ef1142a169e4349049c516f5b3e3c3ec6830be503e7d4a93,7140
    pantry-tree:
      size: 8633
      sha256: af9b1346b6df24c290287098b15418d8145b8cfe2a4c5b3c6d26bd61a6a86b0f
  original:
    hackage: base-compat-0.11.1@sha256:e49c1ce84f556621ef1142a169e4349049c516f5b3e3c3ec6830be503e7d4a93,7140
- completed:
    hackage: base-compat-batteries-0.11.1@sha256:2763af26f6bd118dc278b805988acc792443f08bd77da03ac5c438c2b1ab4aab,8666
    pantry-tree:
      size: 10736
      sha256: cb14c77d6a2acbfb3ccbb3ec8ad8682cc95baebcf2c291fdb6aab5332a6a92ee
  original:
    hackage: base-compat-batteries-0.11.1@sha256:2763af26f6bd118dc278b805988acc792443f08bd77da03ac5c438c2b1ab4aab,8666
- completed:
    hackage: base-orphans-0.8.2@sha256:40ef37ed043aac2cbb6c538fdebfc62e601ee65ee161e4a6327452133b574d7e,2958
    pantry-tree:
      size: 1272
      sha256: f22e483c039b549ee70101e7841b14852e1417f2518f0281af46b62b3ae5d5f6
  original:
    hackage: base-orphans-0.8.2@sha256:40ef37ed043aac2cbb6c538fdebfc62e601ee65ee161e4a6327452133b574d7e,2958
- completed:
    hackage: bifunctors-5.5.7@sha256:179970d8cabaa760df74d40e1f81b3633c78b569f2d058e24dac31b5a1865406,3423
    pantry-tree:
      size: 1755
      sha256: 32c783471a62872ff7bac1d24c537bcc4b00f032d3b4b5b5f8216c9f9e8ec2b9
  original:
    hackage: bifunctors-5.5.7@sha256:179970d8cabaa760df74d40e1f81b3633c78b569f2d058e24dac31b5a1865406,3423
- completed:
    hackage: cabal-doctest-1.0.8@sha256:34dff6369d417df2699af4e15f06bc181d495eca9c51efde173deae2053c197c,1491
    pantry-tree:
      size: 334
      sha256: 1632476e4cdd37f323f81b2df0d06efe542ca3b02ab0097e1cd95d12c0fc2003
  original:
    hackage: cabal-doctest-1.0.8@sha256:34dff6369d417df2699af4e15f06bc181d495eca9c51efde173deae2053c197c,1491
- completed:
    hackage: call-stack-0.2.0@sha256:5ce796b78d5f964468ec6fe0717b4e7d0430817f37370c47b3e6b38e345b6643,1202
    pantry-tree:
      size: 500
      sha256: 30cc02f50a7f660db6b5c4218b4021cd78cae90b135d893d55f32a1c8b1e1c08
  original:
    hackage: call-stack-0.2.0@sha256:5ce796b78d5f964468ec6fe0717b4e7d0430817f37370c47b3e6b38e345b6643,1202
- completed:
    hackage: clock-0.8@sha256:b4ae207e2d3761450060a0d0feb873269233898039c76fceef9cc1a544067767,4113
    pantry-tree:
      size: 446
      sha256: d9ac8ce6a19812fe74cb1e74228e6e624eda19021ff4d12e24611f88abacd38a
  original:
    hackage: clock-0.8@sha256:b4ae207e2d3761450060a0d0feb873269233898039c76fceef9cc1a544067767,4113
- completed:
    hackage: colour-2.3.5@sha256:b27db0a3ad40d70bdbd8510a104269f8707592e80757a1abc66a22ba25e5a42f,1801
    pantry-tree:
      size: 1183
      sha256: ff0f5e24e9f669ceedfcae4d11fd6c68820bbaa2e07ab277368946e9b0f6f8a4
  original:
    hackage: colour-2.3.5@sha256:b27db0a3ad40d70bdbd8510a104269f8707592e80757a1abc66a22ba25e5a42f,1801
- completed:
    hackage: comonad-5.0.6@sha256:fdf1b529a79765a8549ac7e9d439b769cca852778742db8702a9d9b2dc27e4a4,3496
    pantry-tree:
      size: 1819
      sha256: dbe8388045c8f4339f292d213ff8cfc6635d7e158c04caafe35576ae80905ac6
  original:
    hackage: comonad-5.0.6@sha256:fdf1b529a79765a8549ac7e9d439b769cca852778742db8702a9d9b2dc27e4a4,3496
- completed:
    hackage: cryptohash-md5-0.11.100.1@sha256:a4a528bf378bf747eed3748459acf02ed35b9200ec0403d34dbba55b7c9eaab7,3964
    pantry-tree:
      size: 502
      sha256: 6198ba460eb08392318ac11fb85322f0de8a7f0e34b01deede281f27f8df342b
  original:
    hackage: cryptohash-md5-0.11.100.1@sha256:a4a528bf378bf747eed3748459acf02ed35b9200ec0403d34dbba55b7c9eaab7,3964
- completed:
    hackage: cryptohash-sha1-0.11.100.1@sha256:14d814cd88f5fd47641bef414668f3a5bba8b27fa8f960b1a6f4f2ba29265ee1,4363
    pantry-tree:
      size: 508
      sha256: 20ff35375c2ee7dd814b6b4f6caef1e841bbd18b5a98f8ea16a313e54d5109df
  original:
    hackage: cryptohash-sha1-0.11.100.1@sha256:14d814cd88f5fd47641bef414668f3a5bba8b27fa8f960b1a6f4f2ba29265ee1,4363
- completed:
    hackage: distributive-0.6.2@sha256:2ace9babcdbd1c2db28638c200405fb85e3660fe19ceae4f03082590adc2c487,3198
    pantry-tree:
      size: 959
      sha256: 5954b4025c6ebe3d6ed82f2b1a78c71a8f8c1f5446f3f4e86a664c0bb17c7635
  original:
    hackage: distributive-0.6.2@sha256:2ace9babcdbd1c2db28638c200405fb85e3660fe19ceae4f03082590adc2c487,3198
- completed:
    hackage: dlist-0.8.0.8@sha256:90ca348bffdc62d7070bcf0e97c728f8d01b24fbc7ea08d2909157d0da76534c,2066
    pantry-tree:
      size: 426
      sha256: 1b5b9142a932f15c77f758f92f90bea6c805c42d4c62f7a697e8e4f6cf1ad6e6
  original:
    hackage: dlist-0.8.0.8@sha256:90ca348bffdc62d7070bcf0e97c728f8d01b24fbc7ea08d2909157d0da76534c,2066
- completed:
    hackage: entropy-0.4.1.6@sha256:d72a8745b0d011737190832be477f6d98a7c819865a6392e4c451110eb79361c,3007
    pantry-tree:
      size: 743
      sha256: e3909bd795797100f74a6e81c9ed098fbc77985a053335b39c10e07b16ba1ddc
  original:
    hackage: entropy-0.4.1.6@sha256:d72a8745b0d011737190832be477f6d98a7c819865a6392e4c451110eb79361c,3007
- completed:
    hackage: happy-1.19.12@sha256:acc67bfbf3af87892766781dd064c9447181ea81269a7a1e5fc9ace4a8fa4768,5691
    pantry-tree:
      size: 8693
      sha256: 91502601a560862a5b90d776c0bd58bc2779ba5b7945c984817eaa3b9ca64564
  original:
    hackage: happy-1.19.12@sha256:acc67bfbf3af87892766781dd064c9447181ea81269a7a1e5fc9ace4a8fa4768,5691
- completed:
    hackage: hashable-1.3.0.0@sha256:4c70f1407881059e93550d3742191254296b2737b793a742bd901348fb3e1fb1,5206
    pantry-tree:
      size: 1521
      sha256: 84aba72926c33debd71fb9c670869d842025f8ea45ad10084289a34f0448250f
  original:
    hackage: hashable-1.3.0.0@sha256:4c70f1407881059e93550d3742191254296b2737b793a742bd901348fb3e1fb1,5206
- completed:
    hackage: hspec-2.7.1@sha256:0aa48928ce80a34f8ff8c5ef114bb6807edfb8d884bcd7211eceed710e7fb7a8,1769
    pantry-tree:
      size: 532
      sha256: 8128733a7ef4760bbe5d978f2145fdcb29f4491b17db11e8c05b409441ceecb4
  original:
    hackage: hspec-2.7.1@sha256:0aa48928ce80a34f8ff8c5ef114bb6807edfb8d884bcd7211eceed710e7fb7a8,1769
- completed:
    hackage: hspec-core-2.7.1@sha256:2696420050bafb1b690366b2c0ca8595a27c4597811df036f0c35cf19f46862b,4583
    pantry-tree:
      size: 3601
      sha256: 7761094914f253af8eff3e0d14e1e0317a7e260f2d4bd4bd44d5d222fe0ba3d6
  original:
    hackage: hspec-core-2.7.1@sha256:2696420050bafb1b690366b2c0ca8595a27c4597811df036f0c35cf19f46862b,4583
- completed:
    hackage: hspec-discover-2.7.1@sha256:e8ce36741c06b41de58069814a7d3b7314bdeaab35ae573e3c924739011e0c29,2243
    pantry-tree:
      size: 1080
      sha256: 2d1c4ccbd0c9047311d1bd24989714df844003c258964ef65d542f6627dc0fed
  original:
    hackage: hspec-discover-2.7.1@sha256:e8ce36741c06b41de58069814a7d3b7314bdeaab35ae573e3c924739011e0c29,2243
- completed:
    hackage: hspec-expectations-0.8.2@sha256:e2db24881baadc2d9d23b03cb629e80dcbda89a6b04ace9adb5f4d02ef8b31aa,1594
    pantry-tree:
      size: 602
      sha256: cba2c119c85cf68a18d35cccb365d032359442c82ceb93b295020609712d791f
  original:
    hackage: hspec-expectations-0.8.2@sha256:e2db24881baadc2d9d23b03cb629e80dcbda89a6b04ace9adb5f4d02ef8b31aa,1594
- completed:
    hackage: integer-logarithms-1.0.3@sha256:63d42595ec92b71ac98a07b984b0a2eb3d4956f4ad2d856c3bf6fc3dc218d228,2820
    pantry-tree:
      size: 865
      sha256: 7feb7c37d4117f398377c7e0ad480bfa7f63e378753fc6a163deec1f3e9fbc23
  original:
    hackage: integer-logarithms-1.0.3@sha256:63d42595ec92b71ac98a07b984b0a2eb3d4956f4ad2d856c3bf6fc3dc218d228,2820
- completed:
    hackage: network-info-0.2.0.10@sha256:cda87030e0e7adc56696006035fc322d5a6b8b0b41dd6d339ea630484de1711e,1717
    pantry-tree:
      size: 847
      sha256: 7e95006c5acef2b50afc2b70ab7fe02832eae49083913dfb6fdf0674f09d41d6
  original:
    hackage: network-info-0.2.0.10@sha256:cda87030e0e7adc56696006035fc322d5a6b8b0b41dd6d339ea630484de1711e,1717
- completed:
    hackage: optparse-applicative-0.15.1.0@sha256:29ff6146aabf54d46c4c8788e8d1eadaea27c94f6d360c690c5f6c93dac4b07e,4810
    pantry-tree:
      size: 2904
      sha256: 04ad3816bc580cbe0834d3d1f4729ddd386abfe31b43e5b14968885f636d1b0d
  original:
    hackage: optparse-applicative-0.15.1.0@sha256:29ff6146aabf54d46c4c8788e8d1eadaea27c94f6d360c690c5f6c93dac4b07e,4810
- completed:
    hackage: primitive-0.7.1.0@sha256:6a237bb338bcc43193077ff8e8c0f0ce2de14c652231496a15672e8b563a07e2,2604
    pantry-tree:
      size: 1376
      sha256: 924e88629b493abb6b2f3c3029cef076554a2b627091e3bb6887ec03487a707d
  original:
    hackage: primitive-0.7.1.0@sha256:6a237bb338bcc43193077ff8e8c0f0ce2de14c652231496a15672e8b563a07e2,2604
- completed:
    hackage: quickcheck-io-0.2.0@sha256:7bf0b68fb90873825eb2e5e958c1b76126dcf984debb998e81673e6d837e0b2d,1133
    pantry-tree:
      size: 223
      sha256: afaa27fbf8b35aa7ce174abd9c59a84a12fd7f3d08300c3280b22c1d204f11ca
  original:
    hackage: quickcheck-io-0.2.0@sha256:7bf0b68fb90873825eb2e5e958c1b76126dcf984debb998e81673e6d837e0b2d,1133
- completed:
    hackage: random-1.2.0@sha256:5ca8674e95c46c7eb90f520c26aea22d403625c97697275434afba66ebd32b05,5897
    pantry-tree:
      size: 1259
      sha256: 8ba46c3d6b1cd0d4a4ee472922497f8d0778a1aaf7bbcac328a0b06b4d153309
  original:
    hackage: random-1.2.0@sha256:5ca8674e95c46c7eb90f520c26aea22d403625c97697275434afba66ebd32b05,5897
- completed:
    hackage: scientific-0.3.6.2@sha256:dd49abc76bd8e2b57e7a057dc2bb742a00527b4bf9350f9374be03b5934e55d8,4679
    pantry-tree:
      size: 656
      sha256: d05b22ccd31ad7a4438d9217bf44771ac63c4eeb0acc9c624465044e5894766a
  original:
    hackage: scientific-0.3.6.2@sha256:dd49abc76bd8e2b57e7a057dc2bb742a00527b4bf9350f9374be03b5934e55d8,4679
- completed:
    hackage: setenv-0.1.1.3@sha256:c5916ac0d2a828473cd171261328a290afe0abd799db1ac8c310682fe778c45b,1053
    pantry-tree:
      size: 212
      sha256: 9a071cf2552e6881cd3ac0ce81252d5b96ac7f42cae517d973ea167e3d503265
  original:
    hackage: setenv-0.1.1.3@sha256:c5916ac0d2a828473cd171261328a290afe0abd799db1ac8c310682fe778c45b,1053
- completed:
    hackage: splitmix-0.1@sha256:d50c4d0801a35be7875a040470c09863342514930c82a7d25780a6c2efc4fda9,5249
    pantry-tree:
      size: 1148
      sha256: 2c884d06818f79030551aab192eee23734fd499361f4f4dcb4c51d1b1b2d786e
  original:
    hackage: splitmix-0.1@sha256:d50c4d0801a35be7875a040470c09863342514930c82a7d25780a6c2efc4fda9,5249
- completed:
    hackage: tagged-0.8.6@sha256:1f7ca84e6c88cbb923641c60041c9f56c34f1a889759cc073cdf10542b441ff9,2606
    pantry-tree:
      size: 543
      sha256: 7e03b4e4506268d8a1429fba046816d682ec98e1c61d3869ae0ce57d74574d78
  original:
    hackage: tagged-0.8.6@sha256:1f7ca84e6c88cbb923641c60041c9f56c34f1a889759cc073cdf10542b441ff9,2606
- completed:
    hackage: tf-random-0.5@sha256:14012837d0f0e18fdbbe3d56e67da8622ee5e20b180abce952dd50bd9f36b326,3983
    pantry-tree:
      size: 941
      sha256: d6483580cfea846cbf23ff1d7a67849546d5096425b6d61318a34554043b4ffb
  original:
    hackage: tf-random-0.5@sha256:14012837d0f0e18fdbbe3d56e67da8622ee5e20b180abce952dd50bd9f36b326,3983
- completed:
    hackage: th-abstraction-0.3.2.0@sha256:9b5b4e6e2bbff9b075ad7751ee98e2107090bd17b51d5442695b8990e4db6521,1851
    pantry-tree:
      size: 583
      sha256: 21e260e558db166dc70f3002e7a0d22dd57d0b9e7842dd9de5e2f9f887e1275e
  original:
    hackage: th-abstraction-0.3.2.0@sha256:9b5b4e6e2bbff9b075ad7751ee98e2107090bd17b51d5442695b8990e4db6521,1851
- completed:
    hackage: these-1.1.1.1@sha256:3b63a3942f1da4ff97786221e3c654b969b54d570fef2cf4db97da4ea26a36cc,2609
    pantry-tree:
      size: 351
      sha256: 9dbf8c39e2962926d5fb2c7bffba5e3407fed67a581ef60e2eaf3cb0c5778074
  original:
    hackage: these-1.1.1.1@sha256:3b63a3942f1da4ff97786221e3c654b969b54d570fef2cf4db97da4ea26a36cc,2609
- completed:
    hackage: time-compat-1.9.3@sha256:a1a0a8b088be6a7be50c7c0bf156ce876151b1cbe14261736965e361c8073b2a,4349
    pantry-tree:
      size: 3654
      sha256: 9bce314b9a677472b9cc051a6ed09f4a1555180a5e2702ad67d64d74c9b5ceed
  original:
    hackage: time-compat-1.9.3@sha256:a1a0a8b088be6a7be50c7c0bf156ce876151b1cbe14261736965e361c8073b2a,4349
- completed:
    hackage: toml-parser-0.1.0.0@sha256:24f0354a7dbd6047b50d116a2375d33eec7a7648aa89d4434d671c2678379ac2,1585
    pantry-tree:
      size: 866
      sha256: 2df00786ab5c6e74c1f0fee8b323b38f2821ac3e87442541f06e5d501dcc19e7
  original:
    hackage: toml-parser-0.1.0.0@sha256:24f0354a7dbd6047b50d116a2375d33eec7a7648aa89d4434d671c2678379ac2,1585
- completed:
    hackage: transformers-compat-0.6.5@sha256:50b00c57bf3fc379ec2477bfc261a2aebc983084488478adb29854f193af4696,5490
    pantry-tree:
      size: 1773
      sha256: 3a15141e82214faba9ddcabaa63526273d4c8b7b1d9d6cbc643334bfe41fb2f8
  original:
    hackage: transformers-compat-0.6.5@sha256:50b00c57bf3fc379ec2477bfc261a2aebc983084488478adb29854f193af4696,5490
- completed:
    hackage: unordered-containers-0.2.11.0@sha256:ba70b8a9d7eebc2034bf92e5690b2dd71200e76aa9f3f93e0b6be3f27f244d18,4998
    pantry-tree:
      size: 1416
      sha256: d9b83f62373f509a441223f22f12e22e39b38ef3275dfca7c190a4795bebfed5
  original:
    hackage: unordered-containers-0.2.11.0@sha256:ba70b8a9d7eebc2034bf92e5690b2dd71200e76aa9f3f93e0b6be3f27f244d18,4998
- completed:
    hackage: uuid-1.3.13@sha256:380b45cfd1d2dfda0b52d414f0040cef3adfc02bf54bd9e61f2ef47755ce5adc,3137
    pantry-tree:
      size: 767
      sha256: 95b5b5506a78e68bf33586a925a6375274bd6d36cfca62e91e17221d8d851809
  original:
    hackage: uuid-1.3.13@sha256:380b45cfd1d2dfda0b52d414f0040cef3adfc02bf54bd9e61f2ef47755ce5adc,3137
- completed:
    hackage: uuid-types-1.0.3@sha256:4e27aa142cb37f391e78f36d13139ba0a907675429a21e8f2cfae9223202dd7e,2496
    pantry-tree:
      size: 521
      sha256: 96a50edc1466dbd5ced19d6552b480291d94dc342f5952bfe62756f79f4912c4
  original:
    hackage: uuid-types-1.0.3@sha256:4e27aa142cb37f391e78f36d13139ba0a907675429a21e8f2cfae9223202dd7e,2496
- completed:
    hackage: vector-0.12.1.2@sha256:9291bc581f36e51d5bda9fce57cb980fbec3dd292996896f285fef39eb80a9a0,7364
    pantry-tree:
      size: 3784
      sha256: f79eefc8ba2b57ded2276f48046e64663d37b210b6047b6b6ecb30c9da196216
  original:
    hackage: vector-0.12.1.2@sha256:9291bc581f36e51d5bda9fce57cb980fbec3dd292996896f285fef39eb80a9a0,7364
snapshots: []
